<?xml version="1.0" encoding="utf-8"?>
<Project ToolsVersion="4.0" xmlns="http://schemas.microsoft.com/developer/msbuild/2003">
  <ItemGroup>
    <Filter Include="bench">
      <UniqueIdentifier>{E5A4250F-51B9-4DC0-1A3B-F11F860E4AF1}</UniqueIdentifier>
    </Filter>
    <Filter Include="bench\latency">
      <UniqueIdentifier>{84333314-F0F3-AE4A-B92E-F8C725AEF326}</UniqueIdentifier>
    </Filter>
    <Filter Include="example">
      <UniqueIdentifier>{F1997D81-5D79-FC1C-6691-87F3D2EF627E}</UniqueIdentifier>
    </Filter>
    <Filter Include="include">
      <UniqueIdentifier>{89AF369E-F58E-B539-FEA6-40106A051C9B}</UniqueIdentifier>
    </Filter>
    <Filter Include="include\spdlog">
      <UniqueIdentifier>{A18B8C6B-8D59-8071-76ED-F097625A5CD6}</UniqueIdentifier>
    </Filter>
    <Filter Include="include\spdlog\contrib">
      <UniqueIdentifier>{A1E4FA3A-8DDE-238D-764B-BA9D62E489F9}</UniqueIdentifier>
    </Filter>
    <Filter Include="include\spdlog\contrib\sinks">
      <UniqueIdentifier>{D806F5CB-C4C1-E477-6D79-5DC259132F08}</UniqueIdentifier>
    </Filter>
    <Filter Include="include\spdlog\details">
      <UniqueIdentifier>{168D0371-0287-2CC3-EBF3-C2D3D78C922F}</UniqueIdentifier>
    </Filter>
    <Filter Include="include\spdlog\fmt">
      <UniqueIdentifier>{57FA5630-43DE-1786-AC3E-12D998410208}</UniqueIdentifier>
    </Filter>
    <Filter Include="include\spdlog\fmt\bundled">
      <UniqueIdentifier>{4480C733-3090-7304-9949-D8228578629D}</UniqueIdentifier>
    </Filter>
    <Filter Include="include\spdlog\sinks">
      <UniqueIdentifier>{D8EDE7A2-C47C-716C-6D9B-856759098212}</UniqueIdentifier>
    </Filter>
    <Filter Include="tests">
      <UniqueIdentifier>{78756B10-E489-93C1-AD0B-372119DF8FF2}</UniqueIdentifier>
    </Filter>
  </ItemGroup>
  <ItemGroup>
    <ClInclude Include="bench\latency\utils.h">
      <Filter>bench\latency</Filter>
    </ClInclude>
    <ClInclude Include="bench\utils.h">
      <Filter>bench</Filter>
    </ClInclude>
    <ClInclude Include="example\utils.h">
      <Filter>example</Filter>
    </ClInclude>
    <ClInclude Include="include\spdlog\async_logger.h">
      <Filter>include\spdlog</Filter>
    </ClInclude>
    <ClInclude Include="include\spdlog\common.h">
      <Filter>include\spdlog</Filter>
    </ClInclude>
    <ClInclude Include="include\spdlog\contrib\sinks\step_file_sink.h">
      <Filter>include\spdlog\contrib\sinks</Filter>
    </ClInclude>
    <ClInclude Include="include\spdlog\details\async_log_helper.h">
      <Filter>include\spdlog\details</Filter>
    </ClInclude>
    <ClInclude Include="include\spdlog\details\async_logger_impl.h">
      <Filter>include\spdlog\details</Filter>
    </ClInclude>
    <ClInclude Include="include\spdlog\details\file_helper.h">
      <Filter>include\spdlog\details</Filter>
    </ClInclude>
    <ClInclude Include="include\spdlog\details\log_msg.h">
      <Filter>include\spdlog\details</Filter>
    </ClInclude>
    <ClInclude Include="include\spdlog\details\logger_impl.h">
      <Filter>include\spdlog\details</Filter>
    </ClInclude>
    <ClInclude Include="include\spdlog\details\mpmc_blocking_q.h">
      <Filter>include\spdlog\details</Filter>
    </ClInclude>
    <ClInclude Include="include\spdlog\details\null_mutex.h">
      <Filter>include\spdlog\details</Filter>
    </ClInclude>
    <ClInclude Include="include\spdlog\details\os.h">
      <Filter>include\spdlog\details</Filter>
    </ClInclude>
    <ClInclude Include="include\spdlog\details\pattern_formatter_impl.h">
      <Filter>include\spdlog\details</Filter>
    </ClInclude>
    <ClInclude Include="include\spdlog\details\registry.h">
      <Filter>include\spdlog\details</Filter>
    </ClInclude>
    <ClInclude Include="include\spdlog\details\spdlog_impl.h">
      <Filter>include\spdlog\details</Filter>
    </ClInclude>
    <ClInclude Include="include\spdlog\fmt\bundled\format.h">
      <Filter>include\spdlog\fmt\bundled</Filter>
    </ClInclude>
    <ClInclude Include="include\spdlog\fmt\bundled\ostream.h">
      <Filter>include\spdlog\fmt\bundled</Filter>
    </ClInclude>
    <ClInclude Include="include\spdlog\fmt\bundled\posix.h">
      <Filter>include\spdlog\fmt\bundled</Filter>
    </ClInclude>
    <ClInclude Include="include\spdlog\fmt\bundled\printf.h">
      <Filter>include\spdlog\fmt\bundled</Filter>
    </ClInclude>
    <ClInclude Include="include\spdlog\fmt\bundled\time.h">
      <Filter>include\spdlog\fmt\bundled</Filter>
    </ClInclude>
    <ClInclude Include="include\spdlog\fmt\fmt.h">
      <Filter>include\spdlog\fmt</Filter>
    </ClInclude>
    <ClInclude Include="include\spdlog\fmt\ostr.h">
      <Filter>include\spdlog\fmt</Filter>
    </ClInclude>
    <ClInclude Include="include\spdlog\formatter.h">
      <Filter>include\spdlog</Filter>
    </ClInclude>
    <ClInclude Include="include\spdlog\logger.h">
      <Filter>include\spdlog</Filter>
    </ClInclude>
    <ClInclude Include="include\spdlog\sinks\android_sink.h">
      <Filter>include\spdlog\sinks</Filter>
    </ClInclude>
    <ClInclude Include="include\spdlog\sinks\ansicolor_sink.h">
      <Filter>include\spdlog\sinks</Filter>
    </ClInclude>
    <ClInclude Include="include\spdlog\sinks\base_sink.h">
      <Filter>include\spdlog\sinks</Filter>
    </ClInclude>
    <ClInclude Include="include\spdlog\sinks\dist_sink.h">
      <Filter>include\spdlog\sinks</Filter>
    </ClInclude>
    <ClInclude Include="include\spdlog\sinks\file_sinks.h">
      <Filter>include\spdlog\sinks</Filter>
    </ClInclude>
    <ClInclude Include="include\spdlog\sinks\msvc_sink.h">
      <Filter>include\spdlog\sinks</Filter>
    </ClInclude>
    <ClInclude Include="include\spdlog\sinks\null_sink.h">
      <Filter>include\spdlog\sinks</Filter>
    </ClInclude>
    <ClInclude Include="include\spdlog\sinks\ostream_sink.h">
      <Filter>include\spdlog\sinks</Filter>
    </ClInclude>
    <ClInclude Include="include\spdlog\sinks\sink.h">
      <Filter>include\spdlog\sinks</Filter>
    </ClInclude>
    <ClInclude Include="include\spdlog\sinks\stdout_sinks.h">
      <Filter>include\spdlog\sinks</Filter>
    </ClInclude>
    <ClInclude Include="include\spdlog\sinks\syslog_sink.h">
      <Filter>include\spdlog\sinks</Filter>
    </ClInclude>
    <ClInclude Include="include\spdlog\sinks\wincolor_sink.h">
      <Filter>include\spdlog\sinks</Filter>
    </ClInclude>
    <ClInclude Include="include\spdlog\sinks\windebug_sink.h">
      <Filter>include\spdlog\sinks</Filter>
    </ClInclude>
    <ClInclude Include="include\spdlog\spdlog.h">
      <Filter>include\spdlog</Filter>
    </ClInclude>
    <ClInclude Include="include\spdlog\tweakme.h">
      <Filter>include\spdlog</Filter>
    </ClInclude>
    <ClInclude Include="tests\includes.h">
      <Filter>tests</Filter>
    </ClInclude>
    <ClInclude Include="tests\test_sink.h">
      <Filter>tests</Filter>
    </ClInclude>
    <ClInclude Include="tests\utils.h">
      <Filter>tests</Filter>
    </ClInclude>
  </ItemGroup>
</Project>